
Microsoft Visual Studio Solution File, Format Version 12.00
# Visual Studio Version 17
VisualStudioVersion = 17.11.35208.52
MinimumVisualStudioVersion = 10.0.40219.1
Project("{FAE04EC0-301F-11D3-BF4B-00C04F79EFBC}") = "InheritanceCS", "InheritanceCS\InheritanceCS.csproj", "{14EE4C75-C8CF-4A86-82BE-D4B528381061}"
EndProject
Global
	GlobalSection(SolutionConfigurationPlatforms) = preSolution
		Debug|Any CPU = Debug|Any CPU
		Release|Any CPU = Release|Any CPU
	EndGlobalSection
	GlobalSection(ProjectConfigurationPlatforms) = postSolution
		{14EE4C75-C8CF-4A86-82BE-D4B528381061}.Debug|Any CPU.ActiveCfg = Debug|Any CPU
		{14EE4C75-C8CF-4A86-82BE-D4B528381061}.Debug|Any CPU.Build.0 = Debug|Any CPU
		{14EE4C75-C8CF-4A86-82BE-D4B528381061}.Release|Any CPU.ActiveCfg = Release|Any CPU
		{14EE4C75-C8CF-4A86-82BE-D4B528381061}.Release|Any CPU.Build.0 = Release|Any CPU
	EndGlobalSection
	GlobalSection(SolutionProperties) = preSolution
		HideSolutionNode = FALSE
	EndGlobalSection
	GlobalSection(ExtensibilityGlobals) = postSolution
		SolutionGuid = {A0D4188F-81AA-42AA-B5A6-002676933170}
	EndGlobalSection
EndGlobal
